
Microsoft Visual Studio Solution File, Format Version 12.00
# Visual Studio Version 17
VisualStudioVersion = 17.13.35919.96 d17.13
MinimumVisualStudioVersion = 10.0.40219.1
Project("{8BC9CEB8-8B4A-11D0-8D11-00A0C91BC942}") = "Vector", "Vector\Vector.vcxproj", "{22177C44-823A-4DFB-9517-557F0262F504}"
EndProject
Project("{8BC9CEB8-8B4A-11D0-8D11-00A0C91BC942}") = "VectorTests", "VectorTests\VectorTests.vcxproj", "{B9429FBE-B323-4CC5-87F8-FC752A1C82C4}"
	ProjectSection(ProjectDependencies) = postProject
		{22177C44-823A-4DFB-9517-557F0262F504} = {22177C44-823A-4DFB-9517-557F0262F504}
	EndProjectSection
EndProject
Project("{8BC9CEB8-8B4A-11D0-8D11-00A0C91BC942}") = "VectorGTests", "VectorGTests\VectorGTests.vcxproj", "{EEC17F3A-7C67-4186-BF59-D8C477650C68}"
EndProject
Global
	GlobalSection(SolutionConfigurationPlatforms) = preSolution
		Debug|x64 = Debug|x64
		Release|x64 = Release|x64
	EndGlobalSection
	GlobalSection(ProjectConfigurationPlatforms) = postSolution
		{22177C44-823A-4DFB-9517-557F0262F504}.Debug|x64.ActiveCfg = Debug|x64
		{22177C44-823A-4DFB-9517-557F0262F504}.Debug|x64.Build.0 = Debug|x64
		{22177C44-823A-4DFB-9517-557F0262F504}.Release|x64.ActiveCfg = Release|x64
		{22177C44-823A-4DFB-9517-557F0262F504}.Release|x64.Build.0 = Release|x64
		{B9429FBE-B323-4CC5-87F8-FC752A1C82C4}.Debug|x64.ActiveCfg = Debug|x64
		{B9429FBE-B323-4CC5-87F8-FC752A1C82C4}.Debug|x64.Build.0 = Debug|x64
		{B9429FBE-B323-4CC5-87F8-FC752A1C82C4}.Release|x64.ActiveCfg = Release|x64
		{B9429FBE-B323-4CC5-87F8-FC752A1C82C4}.Release|x64.Build.0 = Release|x64
		{EEC17F3A-7C67-4186-BF59-D8C477650C68}.Debug|x64.ActiveCfg = Debug|x64
		{EEC17F3A-7C67-4186-BF59-D8C477650C68}.Debug|x64.Build.0 = Debug|x64
		{EEC17F3A-7C67-4186-BF59-D8C477650C68}.Release|x64.ActiveCfg = Release|x64
		{EEC17F3A-7C67-4186-BF59-D8C477650C68}.Release|x64.Build.0 = Release|x64
	EndGlobalSection
	GlobalSection(SolutionProperties) = preSolution
		HideSolutionNode = FALSE
	EndGlobalSection
	GlobalSection(ExtensibilityGlobals) = postSolution
		SolutionGuid = {FF07F4F5-FCF5-475B-8DAB-7DDCE07EDEE9}
	EndGlobalSection
EndGlobal
